
Microsoft Visual Studio Solution File, Format Version 12.00
# Visual Studio Version 16
VisualStudioVersion = 16.0.30621.155
MinimumVisualStudioVersion = 10.0.40219.1
Project("{FAE04EC0-301F-11D3-BF4B-00C04F79EFBC}") = "MyViewDicImage", "MyViewDicImage\MyViewDicImage.csproj", "{64C25705-603D-460D-BE2E-7780AD06F68B}"
EndProject
Project("{FAE04EC0-301F-11D3-BF4B-00C04F79EFBC}") = "MyViewROI", "MyViewROI\MyViewROI.csproj", "{AC17316F-07EF-4050-9D11-640635D17C03}"
EndProject
Global
	GlobalSection(SolutionConfigurationPlatforms) = preSolution
		Debug|Any CPU = Debug|Any CPU
		Release|Any CPU = Release|Any CPU
	EndGlobalSection
	GlobalSection(ProjectConfigurationPlatforms) = postSolution
		{64C25705-603D-460D-BE2E-7780AD06F68B}.Debug|Any CPU.ActiveCfg = Debug|Any CPU
		{64C25705-603D-460D-BE2E-7780AD06F68B}.Debug|Any CPU.Build.0 = Debug|Any CPU
		{64C25705-603D-460D-BE2E-7780AD06F68B}.Release|Any CPU.ActiveCfg = Release|Any CPU
		{64C25705-603D-460D-BE2E-7780AD06F68B}.Release|Any CPU.Build.0 = Release|Any CPU
		{AC17316F-07EF-4050-9D11-640635D17C03}.Debug|Any CPU.ActiveCfg = Debug|Any CPU
		{AC17316F-07EF-4050-9D11-640635D17C03}.Debug|Any CPU.Build.0 = Debug|Any CPU
		{AC17316F-07EF-4050-9D11-640635D17C03}.Release|Any CPU.ActiveCfg = Release|Any CPU
		{AC17316F-07EF-4050-9D11-640635D17C03}.Release|Any CPU.Build.0 = Release|Any CPU
	EndGlobalSection
	GlobalSection(SolutionProperties) = preSolution
		HideSolutionNode = FALSE
	EndGlobalSection
	GlobalSection(ExtensibilityGlobals) = postSolution
		SolutionGuid = {A269BD4E-B2E4-484C-99C4-2B1702D064F0}
	EndGlobalSection
EndGlobal
